
Microsoft Visual Studio Solution File, Format Version 12.00
# Visual Studio Version 16
VisualStudioVersion = 16.0.29613.14
MinimumVisualStudioVersion = 10.0.40219.1
Project("{FAE04EC0-301F-11D3-BF4B-00C04F79EFBC}") = "SSV2", "SSV2.csproj", "{60C696EE-84FC-4280-8631-494A476672FF}"
EndProject
Global
	GlobalSection(SolutionConfigurationPlatforms) = preSolution
		Debug|Any CPU = Debug|Any CPU
		Release|Any CPU = Release|Any CPU
	EndGlobalSection
	GlobalSection(ProjectConfigurationPlatforms) = postSolution
		{60C696EE-84FC-4280-8631-494A476672FF}.Debug|Any CPU.ActiveCfg = Debug|Any CPU
		{60C696EE-84FC-4280-8631-494A476672FF}.Debug|Any CPU.Build.0 = Debug|Any CPU
		{60C696EE-84FC-4280-8631-494A476672FF}.Release|Any CPU.ActiveCfg = Release|Any CPU
		{60C696EE-84FC-4280-8631-494A476672FF}.Release|Any CPU.Build.0 = Release|Any CPU
	EndGlobalSection
	GlobalSection(SolutionProperties) = preSolution
		HideSolutionNode = FALSE
	EndGlobalSection
	GlobalSection(ExtensibilityGlobals) = postSolution
		SolutionGuid = {34B0A066-A389-45F4-8841-02A9278D6104}
	EndGlobalSection
EndGlobal
